
Microsoft Visual Studio Solution File, Format Version 12.00
# Visual Studio Version 16
VisualStudioVersion = 16.0.31112.23
MinimumVisualStudioVersion = 10.0.40219.1
Project("{FAE04EC0-301F-11D3-BF4B-00C04F79EFBC}") = "Projeto Teste", "Projeto Teste\Projeto Teste.csproj", "{F1704108-BA8E-4A0D-8F9B-B826674752A6}"
EndProject
Global
	GlobalSection(SolutionConfigurationPlatforms) = preSolution
		Debug|Any CPU = Debug|Any CPU
		Release|Any CPU = Release|Any CPU
	EndGlobalSection
	GlobalSection(ProjectConfigurationPlatforms) = postSolution
		{F1704108-BA8E-4A0D-8F9B-B826674752A6}.Debug|Any CPU.ActiveCfg = Debug|Any CPU
		{F1704108-BA8E-4A0D-8F9B-B826674752A6}.Debug|Any CPU.Build.0 = Debug|Any CPU
		{F1704108-BA8E-4A0D-8F9B-B826674752A6}.Release|Any CPU.ActiveCfg = Release|Any CPU
		{F1704108-BA8E-4A0D-8F9B-B826674752A6}.Release|Any CPU.Build.0 = Release|Any CPU
	EndGlobalSection
	GlobalSection(SolutionProperties) = preSolution
		HideSolutionNode = FALSE
	EndGlobalSection
	GlobalSection(ExtensibilityGlobals) = postSolution
		SolutionGuid = {B9C31A44-BA25-481E-BC6D-43A765E36BE9}
	EndGlobalSection
EndGlobal
